Microsoft Visual Studio Solution File, Format Version 12.00
# Visual Studio 2012
Project("{FAE04EC0-301F-11D3-BF4B-00C04F79EFBC}") = "Second2DProject", "Second2DProject.csproj", "{327A1017-3037-4AC1-9F4D-7579D63C7F2C}"
EndProject
Global
	GlobalSection(SolutionConfigurationPlatforms) = preSolution
	Debug|Any CPU = Debug|Any CPU
	ExportDebug|Any CPU = ExportDebug|Any CPU
	ExportRelease|Any CPU = ExportRelease|Any CPU
	EndGlobalSection
	GlobalSection(ProjectConfigurationPlatforms) = postSolution
		{327A1017-3037-4AC1-9F4D-7579D63C7F2C}.Debug|Any CPU.ActiveCfg = Debug|Any CPU
		{327A1017-3037-4AC1-9F4D-7579D63C7F2C}.Debug|Any CPU.Build.0 = Debug|Any CPU
		{327A1017-3037-4AC1-9F4D-7579D63C7F2C}.ExportDebug|Any CPU.ActiveCfg = ExportDebug|Any CPU
		{327A1017-3037-4AC1-9F4D-7579D63C7F2C}.ExportDebug|Any CPU.Build.0 = ExportDebug|Any CPU
		{327A1017-3037-4AC1-9F4D-7579D63C7F2C}.ExportRelease|Any CPU.ActiveCfg = ExportRelease|Any CPU
		{327A1017-3037-4AC1-9F4D-7579D63C7F2C}.ExportRelease|Any CPU.Build.0 = ExportRelease|Any CPU
	EndGlobalSection
EndGlobal
